Microsoft Visual Studio Solution File, Format Version 11.00
# Visual Studio 2008

Project("{2AC5CF59-156E-FA86-38B7-229B84A6FDFC}") = "Pingu vs. Pepe", "Assembly-CSharp-firstpass.csproj", "{D5C7462B-16A9-2D29-91D4-C3B005A03F4F}"
EndProject
Project("{2AC5CF59-156E-FA86-38B7-229B84A6FDFC}") = "Pingu vs. Pepe", "Assembly-CSharp.csproj", "{DF9B1CFE-C222-4FB6-C69B-74502E8F472B}"
EndProject
Project("{2AC5CF59-156E-FA86-38B7-229B84A6FDFC}") = "Pingu vs. Pepe", "Assembly-CSharp-Editor-firstpass.csproj", "{112255C8-8AC8-74FA-7201-C7F693C11C74}"
EndProject
Global
	GlobalSection(SolutionConfigurationPlatforms) = preSolution
		Debug|Any CPU = Debug|Any CPU
		Release|Any CPU = Release|Any CPU
	EndGlobalSection
	GlobalSection(ProjectConfigurationPlatforms) = postSolution
		{D5C7462B-16A9-2D29-91D4-C3B005A03F4F}.Debug|Any CPU.ActiveCfg = Debug|Any CPU
		{D5C7462B-16A9-2D29-91D4-C3B005A03F4F}.Debug|Any CPU.Build.0 = Debug|Any CPU
		{D5C7462B-16A9-2D29-91D4-C3B005A03F4F}.Release|Any CPU.ActiveCfg = Release|Any CPU
		{D5C7462B-16A9-2D29-91D4-C3B005A03F4F}.Release|Any CPU.Build.0 = Release|Any CPU
		{DF9B1CFE-C222-4FB6-C69B-74502E8F472B}.Debug|Any CPU.ActiveCfg = Debug|Any CPU
		{DF9B1CFE-C222-4FB6-C69B-74502E8F472B}.Debug|Any CPU.Build.0 = Debug|Any CPU
		{DF9B1CFE-C222-4FB6-C69B-74502E8F472B}.Release|Any CPU.ActiveCfg = Release|Any CPU
		{DF9B1CFE-C222-4FB6-C69B-74502E8F472B}.Release|Any CPU.Build.0 = Release|Any CPU
		{112255C8-8AC8-74FA-7201-C7F693C11C74}.Debug|Any CPU.ActiveCfg = Debug|Any CPU
		{112255C8-8AC8-74FA-7201-C7F693C11C74}.Debug|Any CPU.Build.0 = Debug|Any CPU
		{112255C8-8AC8-74FA-7201-C7F693C11C74}.Release|Any CPU.ActiveCfg = Release|Any CPU
		{112255C8-8AC8-74FA-7201-C7F693C11C74}.Release|Any CPU.Build.0 = Release|Any CPU
	EndGlobalSection
	GlobalSection(SolutionProperties) = preSolution
		HideSolutionNode = FALSE
	EndGlobalSection
	GlobalSection(MonoDevelopProperties) = preSolution
		StartupItem = Assembly-CSharp.csproj
	EndGlobalSection
EndGlobal
